
Microsoft Visual Studio Solution File, Format Version 12.00
# Visual Studio 15
VisualStudioVersion = 15.0.27130.0
MinimumVisualStudioVersion = 10.0.40219.1
Project("{2150E333-8FDC-42A3-9474-1A3956D46DE8}") = "Api", "Api", "{5CB272C9-803A-451C-8B17-1ED879211EDD}"
EndProject
Project("{9A19103F-16F7-4668-BE54-9A1E7A4F7556}") = "OS.Smog.Validation", "src\OS.Smog.Validation\OS.Smog.Validation.csproj", "{FEF2241E-5985-493E-9FA0-7A20FBE2B47E}"
EndProject
Project("{9A19103F-16F7-4668-BE54-9A1E7A4F7556}") = "OS.Smog.Validation.UnitTests", "test\OS.Smog.Validation.UnitTests\OS.Smog.Validation.UnitTests.csproj", "{42D04B37-28B0-4117-B11D-48B795800E0A}"
EndProject
Project("{9A19103F-16F7-4668-BE54-9A1E7A4F7556}") = "OS.Smog.Api", "src\OS.Smog.Api\OS.Smog.Api.csproj", "{EA08E81E-9EF7-4ACB-A40D-EFCE3EBBA1FB}"
EndProject
Project("{E53339B2-1760-4266-BCC7-CA923CBCF16C}") = "docker-compose", "docker-compose.dcproj", "{1C455C48-449E-45F1-A0C7-A429B0B2DDAE}"
EndProject
Project("{2150E333-8FDC-42A3-9474-1A3956D46DE8}") = "Domain", "Domain", "{1533C26C-921D-4ECC-97D8-9FE3A92C1EA8}"
EndProject
Project("{9A19103F-16F7-4668-BE54-9A1E7A4F7556}") = "OS.Domain", "src\OS.Domain\OS.Domain.csproj", "{E4011BB8-5E8C-41E6-8374-7450FCD03A3D}"
EndProject
Project("{9A19103F-16F7-4668-BE54-9A1E7A4F7556}") = "OS.DAL", "src\OS.DAL\OS.DAL.csproj", "{FB7E0F79-6A46-4494-9C1E-3A9602D55896}"
EndProject
Project("{9A19103F-16F7-4668-BE54-9A1E7A4F7556}") = "OS.DAL.UnitTests", "test\OS.DAL.UnitTests\OS.DAL.UnitTests.csproj", "{B7199D16-2EF9-406E-961D-679BAD5F2B05}"
EndProject
Project("{9A19103F-16F7-4668-BE54-9A1E7A4F7556}") = "OS.DAL.PgSql.IntegrationTests", "test\OS.DAL.PgSql.IntegrationTests\OS.DAL.PgSql.IntegrationTests.csproj", "{D2E7D287-12AF-4D21-A783-A102839BD023}"
EndProject
Project("{9A19103F-16F7-4668-BE54-9A1E7A4F7556}") = "OS.Docker.TestKit", "src\OS.Docker.TestKit\OS.Docker.TestKit.csproj", "{E9C86D4C-1022-425A-9B29-32F6D61D2B5D}"
EndProject
Project("{9A19103F-16F7-4668-BE54-9A1E7A4F7556}") = "OS.DAL.PgSql", "src\OS.DAL.PgSql\OS.DAL.PgSql.csproj", "{FC92363B-DCFE-4748-B187-CAFC4785E045}"
EndProject
Project("{FAE04EC0-301F-11D3-BF4B-00C04F79EFBC}") = "OS.DAL.PgSql.Migrator", "src\OS.DAL.PgSql.Migrator\OS.DAL.PgSql.Migrator.csproj", "{C8295E4B-DAB8-486C-B996-E02D51CDD386}"
EndProject
Global
	GlobalSection(SolutionConfigurationPlatforms) = preSolution
		Debug|Any CPU = Debug|Any CPU
		Release|Any CPU = Release|Any CPU
	EndGlobalSection
	GlobalSection(ProjectConfigurationPlatforms) = postSolution
		{FEF2241E-5985-493E-9FA0-7A20FBE2B47E}.Debug|Any CPU.ActiveCfg = Debug|Any CPU
		{FEF2241E-5985-493E-9FA0-7A20FBE2B47E}.Debug|Any CPU.Build.0 = Debug|Any CPU
		{FEF2241E-5985-493E-9FA0-7A20FBE2B47E}.Release|Any CPU.ActiveCfg = Release|Any CPU
		{FEF2241E-5985-493E-9FA0-7A20FBE2B47E}.Release|Any CPU.Build.0 = Release|Any CPU
		{42D04B37-28B0-4117-B11D-48B795800E0A}.Debug|Any CPU.ActiveCfg = Debug|Any CPU
		{42D04B37-28B0-4117-B11D-48B795800E0A}.Debug|Any CPU.Build.0 = Debug|Any CPU
		{42D04B37-28B0-4117-B11D-48B795800E0A}.Release|Any CPU.ActiveCfg = Release|Any CPU
		{42D04B37-28B0-4117-B11D-48B795800E0A}.Release|Any CPU.Build.0 = Release|Any CPU
		{EA08E81E-9EF7-4ACB-A40D-EFCE3EBBA1FB}.Debug|Any CPU.ActiveCfg = Debug|Any CPU
		{EA08E81E-9EF7-4ACB-A40D-EFCE3EBBA1FB}.Debug|Any CPU.Build.0 = Debug|Any CPU
		{EA08E81E-9EF7-4ACB-A40D-EFCE3EBBA1FB}.Release|Any CPU.ActiveCfg = Release|Any CPU
		{EA08E81E-9EF7-4ACB-A40D-EFCE3EBBA1FB}.Release|Any CPU.Build.0 = Release|Any CPU
		{1C455C48-449E-45F1-A0C7-A429B0B2DDAE}.Debug|Any CPU.ActiveCfg = Debug|Any CPU
		{1C455C48-449E-45F1-A0C7-A429B0B2DDAE}.Debug|Any CPU.Build.0 = Debug|Any CPU
		{1C455C48-449E-45F1-A0C7-A429B0B2DDAE}.Release|Any CPU.ActiveCfg = Release|Any CPU
		{1C455C48-449E-45F1-A0C7-A429B0B2DDAE}.Release|Any CPU.Build.0 = Release|Any CPU
		{E4011BB8-5E8C-41E6-8374-7450FCD03A3D}.Debug|Any CPU.ActiveCfg = Debug|Any CPU
		{E4011BB8-5E8C-41E6-8374-7450FCD03A3D}.Debug|Any CPU.Build.0 = Debug|Any CPU
		{E4011BB8-5E8C-41E6-8374-7450FCD03A3D}.Release|Any CPU.ActiveCfg = Release|Any CPU
		{E4011BB8-5E8C-41E6-8374-7450FCD03A3D}.Release|Any CPU.Build.0 = Release|Any CPU
		{FB7E0F79-6A46-4494-9C1E-3A9602D55896}.Debug|Any CPU.ActiveCfg = Debug|Any CPU
		{FB7E0F79-6A46-4494-9C1E-3A9602D55896}.Debug|Any CPU.Build.0 = Debug|Any CPU
		{FB7E0F79-6A46-4494-9C1E-3A9602D55896}.Release|Any CPU.ActiveCfg = Release|Any CPU
		{FB7E0F79-6A46-4494-9C1E-3A9602D55896}.Release|Any CPU.Build.0 = Release|Any CPU
		{B7199D16-2EF9-406E-961D-679BAD5F2B05}.Debug|Any CPU.ActiveCfg = Debug|Any CPU
		{B7199D16-2EF9-406E-961D-679BAD5F2B05}.Debug|Any CPU.Build.0 = Debug|Any CPU
		{B7199D16-2EF9-406E-961D-679BAD5F2B05}.Release|Any CPU.ActiveCfg = Release|Any CPU
		{B7199D16-2EF9-406E-961D-679BAD5F2B05}.Release|Any CPU.Build.0 = Release|Any CPU
		{D2E7D287-12AF-4D21-A783-A102839BD023}.Debug|Any CPU.ActiveCfg = Debug|Any CPU
		{D2E7D287-12AF-4D21-A783-A102839BD023}.Debug|Any CPU.Build.0 = Debug|Any CPU
		{D2E7D287-12AF-4D21-A783-A102839BD023}.Release|Any CPU.ActiveCfg = Release|Any CPU
		{D2E7D287-12AF-4D21-A783-A102839BD023}.Release|Any CPU.Build.0 = Release|Any CPU
		{E9C86D4C-1022-425A-9B29-32F6D61D2B5D}.Debug|Any CPU.ActiveCfg = Debug|Any CPU
		{E9C86D4C-1022-425A-9B29-32F6D61D2B5D}.Debug|Any CPU.Build.0 = Debug|Any CPU
		{E9C86D4C-1022-425A-9B29-32F6D61D2B5D}.Release|Any CPU.ActiveCfg = Release|Any CPU
		{E9C86D4C-1022-425A-9B29-32F6D61D2B5D}.Release|Any CPU.Build.0 = Release|Any CPU
		{FC92363B-DCFE-4748-B187-CAFC4785E045}.Debug|Any CPU.ActiveCfg = Debug|Any CPU
		{FC92363B-DCFE-4748-B187-CAFC4785E045}.Debug|Any CPU.Build.0 = Debug|Any CPU
		{FC92363B-DCFE-4748-B187-CAFC4785E045}.Release|Any CPU.ActiveCfg = Release|Any CPU
		{FC92363B-DCFE-4748-B187-CAFC4785E045}.Release|Any CPU.Build.0 = Release|Any CPU
		{C8295E4B-DAB8-486C-B996-E02D51CDD386}.Debug|Any CPU.ActiveCfg = Debug|Any CPU
		{C8295E4B-DAB8-486C-B996-E02D51CDD386}.Debug|Any CPU.Build.0 = Debug|Any CPU
		{C8295E4B-DAB8-486C-B996-E02D51CDD386}.Release|Any CPU.ActiveCfg = Release|Any CPU
		{C8295E4B-DAB8-486C-B996-E02D51CDD386}.Release|Any CPU.Build.0 = Release|Any CPU
	EndGlobalSection
	GlobalSection(SolutionProperties) = preSolution
		HideSolutionNode = FALSE
	EndGlobalSection
	GlobalSection(NestedProjects) = preSolution
		{EA08E81E-9EF7-4ACB-A40D-EFCE3EBBA1FB} = {5CB272C9-803A-451C-8B17-1ED879211EDD}
		{E4011BB8-5E8C-41E6-8374-7450FCD03A3D} = {1533C26C-921D-4ECC-97D8-9FE3A92C1EA8}
		{FB7E0F79-6A46-4494-9C1E-3A9602D55896} = {1533C26C-921D-4ECC-97D8-9FE3A92C1EA8}
		{B7199D16-2EF9-406E-961D-679BAD5F2B05} = {1533C26C-921D-4ECC-97D8-9FE3A92C1EA8}
		{D2E7D287-12AF-4D21-A783-A102839BD023} = {1533C26C-921D-4ECC-97D8-9FE3A92C1EA8}
		{FC92363B-DCFE-4748-B187-CAFC4785E045} = {1533C26C-921D-4ECC-97D8-9FE3A92C1EA8}
		{C8295E4B-DAB8-486C-B996-E02D51CDD386} = {1533C26C-921D-4ECC-97D8-9FE3A92C1EA8}
	EndGlobalSection
	GlobalSection(ExtensibilityGlobals) = postSolution
		SolutionGuid = {F9A877EF-86AB-4A0B-B0FA-AE9D9B607E40}
	EndGlobalSection
EndGlobal
